
Microsoft Visual Studio Solution File, Format Version 12.00
# Visual Studio 15
Project("{FAE04EC0-301F-11D3-BF4B-00C04F79EFBC}") = "BestHTTP", "BestHTTP.csproj", "{AB15E6F2-600A-22E8-64DF-1F5A58D2975F}"
EndProject
Project("{FAE04EC0-301F-11D3-BF4B-00C04F79EFBC}") = "Assembly-CSharp", "Assembly-CSharp.csproj", "{1516C36C-FAA4-912B-E867-3F0027551041}"
EndProject
Project("{FAE04EC0-301F-11D3-BF4B-00C04F79EFBC}") = "Assembly-CSharp-firstpass", "Assembly-CSharp-firstpass.csproj", "{2900E437-6E8B-8103-EC8E-877182F10A9D}"
EndProject
Project("{FAE04EC0-301F-11D3-BF4B-00C04F79EFBC}") = "Boxophobic.Utils.Scripts", "Boxophobic.Utils.Scripts.csproj", "{23ADD9F4-B1F5-76BE-21A7-BDACA935D3B8}"
EndProject
Project("{FAE04EC0-301F-11D3-BF4B-00C04F79EFBC}") = "Assembly-CSharp-Editor", "Assembly-CSharp-Editor.csproj", "{2ECD8B1F-48CB-2CD0-6287-1BBF7368D883}"
EndProject
Project("{FAE04EC0-301F-11D3-BF4B-00C04F79EFBC}") = "Assembly-CSharp-Editor-firstpass", "Assembly-CSharp-Editor-firstpass.csproj", "{3256D4EC-16B0-CAFC-7A2C-A363B868ED57}"
EndProject
Project("{FAE04EC0-301F-11D3-BF4B-00C04F79EFBC}") = "Boxophobic.Utils.Editor", "Boxophobic.Utils.Editor.csproj", "{67470CEB-59AB-E2ED-DBBA-0757C0D8053A}"
EndProject
Project("{FAE04EC0-301F-11D3-BF4B-00C04F79EFBC}") = "Boxophobic.SkyboxCubemapExtended.Editor", "Boxophobic.SkyboxCubemapExtended.Editor.csproj", "{A4A25458-A62B-48FB-867C-98B5FB37A075}"
EndProject
Global
	GlobalSection(SolutionConfigurationPlatforms) = preSolution
		Debug|Any CPU = Debug|Any CPU
		Release|Any CPU = Release|Any CPU
	EndGlobalSection
	GlobalSection(ProjectConfigurationPlatforms) = postSolution
		{AB15E6F2-600A-22E8-64DF-1F5A58D2975F}.Debug|Any CPU.ActiveCfg = Debug|Any CPU
		{AB15E6F2-600A-22E8-64DF-1F5A58D2975F}.Debug|Any CPU.Build.0 = Debug|Any CPU
		{AB15E6F2-600A-22E8-64DF-1F5A58D2975F}.Release|Any CPU.ActiveCfg = Release|Any CPU
		{AB15E6F2-600A-22E8-64DF-1F5A58D2975F}.Release|Any CPU.Build.0 = Release|Any CPU
		{1516C36C-FAA4-912B-E867-3F0027551041}.Debug|Any CPU.ActiveCfg = Debug|Any CPU
		{1516C36C-FAA4-912B-E867-3F0027551041}.Debug|Any CPU.Build.0 = Debug|Any CPU
		{1516C36C-FAA4-912B-E867-3F0027551041}.Release|Any CPU.ActiveCfg = Release|Any CPU
		{1516C36C-FAA4-912B-E867-3F0027551041}.Release|Any CPU.Build.0 = Release|Any CPU
		{2900E437-6E8B-8103-EC8E-877182F10A9D}.Debug|Any CPU.ActiveCfg = Debug|Any CPU
		{2900E437-6E8B-8103-EC8E-877182F10A9D}.Debug|Any CPU.Build.0 = Debug|Any CPU
		{2900E437-6E8B-8103-EC8E-877182F10A9D}.Release|Any CPU.ActiveCfg = Release|Any CPU
		{2900E437-6E8B-8103-EC8E-877182F10A9D}.Release|Any CPU.Build.0 = Release|Any CPU
		{23ADD9F4-B1F5-76BE-21A7-BDACA935D3B8}.Debug|Any CPU.ActiveCfg = Debug|Any CPU
		{23ADD9F4-B1F5-76BE-21A7-BDACA935D3B8}.Debug|Any CPU.Build.0 = Debug|Any CPU
		{23ADD9F4-B1F5-76BE-21A7-BDACA935D3B8}.Release|Any CPU.ActiveCfg = Release|Any CPU
		{23ADD9F4-B1F5-76BE-21A7-BDACA935D3B8}.Release|Any CPU.Build.0 = Release|Any CPU
		{2ECD8B1F-48CB-2CD0-6287-1BBF7368D883}.Debug|Any CPU.ActiveCfg = Debug|Any CPU
		{2ECD8B1F-48CB-2CD0-6287-1BBF7368D883}.Debug|Any CPU.Build.0 = Debug|Any CPU
		{2ECD8B1F-48CB-2CD0-6287-1BBF7368D883}.Release|Any CPU.ActiveCfg = Release|Any CPU
		{2ECD8B1F-48CB-2CD0-6287-1BBF7368D883}.Release|Any CPU.Build.0 = Release|Any CPU
		{3256D4EC-16B0-CAFC-7A2C-A363B868ED57}.Debug|Any CPU.ActiveCfg = Debug|Any CPU
		{3256D4EC-16B0-CAFC-7A2C-A363B868ED57}.Debug|Any CPU.Build.0 = Debug|Any CPU
		{3256D4EC-16B0-CAFC-7A2C-A363B868ED57}.Release|Any CPU.ActiveCfg = Release|Any CPU
		{3256D4EC-16B0-CAFC-7A2C-A363B868ED57}.Release|Any CPU.Build.0 = Release|Any CPU
		{67470CEB-59AB-E2ED-DBBA-0757C0D8053A}.Debug|Any CPU.ActiveCfg = Debug|Any CPU
		{67470CEB-59AB-E2ED-DBBA-0757C0D8053A}.Debug|Any CPU.Build.0 = Debug|Any CPU
		{67470CEB-59AB-E2ED-DBBA-0757C0D8053A}.Release|Any CPU.ActiveCfg = Release|Any CPU
		{67470CEB-59AB-E2ED-DBBA-0757C0D8053A}.Release|Any CPU.Build.0 = Release|Any CPU
		{A4A25458-A62B-48FB-867C-98B5FB37A075}.Debug|Any CPU.ActiveCfg = Debug|Any CPU
		{A4A25458-A62B-48FB-867C-98B5FB37A075}.Debug|Any CPU.Build.0 = Debug|Any CPU
		{A4A25458-A62B-48FB-867C-98B5FB37A075}.Release|Any CPU.ActiveCfg = Release|Any CPU
		{A4A25458-A62B-48FB-867C-98B5FB37A075}.Release|Any CPU.Build.0 = Release|Any CPU
	EndGlobalSection
	GlobalSection(SolutionProperties) = preSolution
		HideSolutionNode = FALSE
	EndGlobalSection
EndGlobal
